// !$*UTF8*$!
{
	archiveVersion = 1;
	classes = {
	};
	objectVersion = 77;
	objects = {

/* Begin PBXContainerItemProxy section */
		7A57DD862E1499BE00E174DD /* PBXContainerItemProxy */ = {
			isa = PBXContainerItemProxy;
			containerPortal = 7A57DD6E2E1499BD00E174DD /* Project object */;
			proxyType = 1;
			remoteGlobalIDString = 7A57DD752E1499BD00E174DD;
			remoteInfo = ChatJournal;
		};
		7A57DD902E1499BE00E174DD /* PBXContainerItemProxy */ = {
			isa = PBXContainerItemProxy;
			containerPortal = 7A57DD6E2E1499BD00E174DD /* Project object */;
			proxyType = 1;
			remoteGlobalIDString = 7A57DD752E1499BD00E174DD;
			remoteInfo = ChatJournal;
		};
/* End PBXContainerItemProxy section */

/* Begin PBXFileReference section */
		7A57DD762E1499BD00E174DD /* ChatJournal.app */ = {isa = PBXFileReference; explicitFileType = wrapper.application; includeInIndex = 0; path = ChatJournal.app; sourceTree = BUILT_PRODUCTS_DIR; };
		7A57DD852E1499BE00E174DD /* ChatJournalTests.xctest */ = {isa = PBXFileReference; explicitFileType = wrapper.cfbundle; includeInIndex = 0; path = ChatJournalTests.xctest; sourceTree = BUILT_PRODUCTS_DIR; };
		7A57DD8F2E1499BE00E174DD /* ChatJournalUITests.xctest */ = {isa = PBXFileReference; explicitFileType = wrapper.cfbundle; includeInIndex = 0; path = ChatJournalUITests.xctest; sourceTree = BUILT_PRODUCTS_DIR; };
/* End PBXFileReference section */

/* Begin PBXFileSystemSynchronizedRootGroup section */
		7A57DD782E1499BD00E174DD /* ChatJournal */ = {
			isa = PBXFileSystemSynchronizedRootGroup;
			path = ChatJournal;
			sourceTree = "<group>";
		};
		7A57DD882E1499BE00E174DD /* ChatJournalTests */ = {
			isa = PBXFileSystemSynchronizedRootGroup;
			path = ChatJournalTests;
			sourceTree = "<group>";
		};
		7A57DD922E1499BE00E174DD /* ChatJournalUITests */ = {
			isa = PBXFileSystemSynchronizedRootGroup;
			path = ChatJournalUITests;
			sourceTree = "<group>";
		};
/* End PBXFileSystemSynchronizedRootGroup section */

/* Begin PBXFrameworksBuildPhase section */
		7A57DD732E1499BD00E174DD /* Frameworks */ = {
			isa = PBXFrameworksBuildPhase;
			buildActionMask = 2147483647;
			files = (
			);
			runOnlyForDeploymentPostprocessing = 0;
		};
		7A57DD822E1499BE00E174DD /* Frameworks */ = {
			isa = PBXFrameworksBuildPhase;
			buildActionMask = 2147483647;
			files = (
			);
			runOnlyForDeploymentPostprocessing = 0;
		};
		7A57DD8C2E1499BE00E174DD /* Frameworks */ = {
			isa = PBXFrameworksBuildPhase;
			buildActionMask = 2147483647;
			files = (
			);
			runOnlyForDeploymentPostprocessing = 0;
		};
/* End PBXFrameworksBuildPhase section */

/* Begin PBXGroup section */
		7A57DD6D2E1499BD00E174DD = {
			isa = PBXGroup;
			children = (
				7A57DD782E1499BD00E174DD /* ChatJournal */,
				7A57DD882E1499BE00E174DD /* ChatJournalTests */,
				7A57DD922E1499BE00E174DD /* ChatJournalUITests */,
				7A57DD772E1499BD00E174DD /* Products */,
			);
			sourceTree = "<group>";
		};
		7A57DD772E1499BD00E174DD /* Products */ = {
			isa = PBXGroup;
			children = (
				7A57DD762E1499BD00E174DD /* ChatJournal.app */,
				7A57DD852E1499BE00E174DD /* ChatJournalTests.xctest */,
				7A57DD8F2E1499BE00E174DD /* ChatJournalUITests.xctest */,
			);
			name = Products;
			sourceTree = "<group>";
		};
/* End PBXGroup section */

/* Begin PBXNativeTarget section */
		7A57DD752E1499BD00E174DD /* ChatJournal */ = {
			isa = PBXNativeTarget;
			buildConfigurationList = 7A57DD992E1499BE00E174DD /* Build configuration list for PBXNativeTarget "ChatJournal" */;
			buildPhases = (
				7A57DD722E1499BD00E174DD /* Sources */,
				7A57DD732E1499BD00E174DD /* Frameworks */,
				7A57DD742E1499BD00E174DD /* Resources */,
			);
			buildRules = (
			);
			dependencies = (
			);
			fileSystemSynchronizedGroups = (
				7A57DD782E1499BD00E174DD /* ChatJournal */,
			);
			name = ChatJournal;
			packageProductDependencies = (
			);
			productName = ChatJournal;
			productReference = 7A57DD762E1499BD00E174DD /* ChatJournal.app */;
			productType = "com.apple.product-type.application";
		};
		7A57DD842E1499BE00E174DD /* ChatJournalTests */ = {
			isa = PBXNativeTarget;
			buildConfigurationList = 7A57DD9C2E1499BE00E174DD /* Build configuration list for PBXNativeTarget "ChatJournalTests" */;
			buildPhases = (
				7A57DD812E1499BE00E174DD /* Sources */,
				7A57DD822E1499BE00E174DD /* Frameworks */,
				7A57DD832E1499BE00E174DD /* Resources */,
			);
			buildRules = (
			);
			dependencies = (
				7A57DD872E1499BE00E174DD /* PBXTargetDependency */,
			);
			fileSystemSynchronizedGroups = (
				7A57DD882E1499BE00E174DD /* ChatJournalTests */,
			);
			name = ChatJournalTests;
			packageProductDependencies = (
			);
			productName = ChatJournalTests;
			productReference = 7A57DD852E1499BE00E174DD /* ChatJournalTests.xctest */;
			productType = "com.apple.product-type.bundle.unit-test";
		};
		7A57DD8E2E1499BE00E174DD /* ChatJournalUITests */ = {
			isa = PBXNativeTarget;
			buildConfigurationList = 7A57DD9F2E1499BE00E174DD /* Build configuration list for PBXNativeTarget "ChatJournalUITests" */;
			buildPhases = (
				7A57DD8B2E1499BE00E174DD /* Sources */,
				7A57DD8C2E1499BE00E174DD /* Frameworks */,
				7A57DD8D2E1499BE00E174DD /* Resources */,
			);
			buildRules = (
			);
			dependencies = (
				7A57DD912E1499BE00E174DD /* PBXTargetDependency */,
			);
			fileSystemSynchronizedGroups = (
				7A57DD922E1499BE00E174DD /* ChatJournalUITests */,
			);
			name = ChatJournalUITests;
			packageProductDependencies = (
			);
			productName = ChatJournalUITests;
			productReference = 7A57DD8F2E1499BE00E174DD /* ChatJournalUITests.xctest */;
			productType = "com.apple.product-type.bundle.ui-testing";
		};
/* End PBXNativeTarget section */

/* Begin PBXProject section */
		7A57DD6E2E1499BD00E174DD /* Project object */ = {
			isa = PBXProject;
			attributes = {
				BuildIndependentTargetsInParallel = 1;
				LastSwiftUpdateCheck = 1630;
				LastUpgradeCheck = 1630;
				TargetAttributes = {
					7A57DD752E1499BD00E174DD = {
						CreatedOnToolsVersion = 16.3;
					};
					7A57DD842E1499BE00E174DD = {
						CreatedOnToolsVersion = 16.3;
						TestTargetID = 7A57DD752E1499BD00E174DD;
					};
					7A57DD8E2E1499BE00E174DD = {
						CreatedOnToolsVersion = 16.3;
						TestTargetID = 7A57DD752E1499BD00E174DD;
					};
				};
			};
			buildConfigurationList = 7A57DD712E1499BD00E174DD /* Build configuration list for PBXProject "ChatJournal" */;
			developmentRegion = en;
			hasScannedForEncodings = 0;
			knownRegions = (
				en,
				Base,
			);
			mainGroup = 7A57DD6D2E1499BD00E174DD;
			minimizedProjectReferenceProxies = 1;
			preferredProjectObjectVersion = 77;
			productRefGroup = 7A57DD772E1499BD00E174DD /* Products */;
			projectDirPath = "";
			projectRoot = "";
			targets = (
				7A57DD752E1499BD00E174DD /* ChatJournal */,
				7A57DD842E1499BE00E174DD /* ChatJournalTests */,
				7A57DD8E2E1499BE00E174DD /* ChatJournalUITests */,
			);
		};
/* End PBXProject section */

/* Begin PBXResourcesBuildPhase section */
		7A57DD742E1499BD00E174DD /* Resources */ = {
			isa = PBXResourcesBuildPhase;
			buildActionMask = 2147483647;
			files = (
			);
			runOnlyForDeploymentPostprocessing = 0;
		};
		7A57DD832E1499BE00E174DD /* Resources */ = {
			isa = PBXResourcesBuildPhase;
			buildActionMask = 2147483647;
			files = (
			);
			runOnlyForDeploymentPostprocessing = 0;
		};
		7A57DD8D2E1499BE00E174DD /* Resources */ = {
			isa = PBXResourcesBuildPhase;
			buildActionMask = 2147483647;
			files = (
			);
			runOnlyForDeploymentPostprocessing = 0;
		};
/* End PBXResourcesBuildPhase section */

/* Begin PBXSourcesBuildPhase section */
		7A57DD722E1499BD00E174DD /* Sources */ = {
			isa = PBXSourcesBuildPhase;
			buildActionMask = 2147483647;
			files = (
			);
			runOnlyForDeploymentPostprocessing = 0;
		};
		7A57DD812E1499BE00E174DD /* Sources */ = {
			isa = PBXSourcesBuildPhase;
			buildActionMask = 2147483647;
			files = (
			);
			runOnlyForDeploymentPostprocessing = 0;
		};
		7A57DD8B2E1499BE00E174DD /* Sources */ = {
			isa = PBXSourcesBuildPhase;
			buildActionMask = 2147483647;
			files = (
			);
			runOnlyForDeploymentPostprocessing = 0;
		};
/* End PBXSourcesBuildPhase section */

/* Begin PBXTargetDependency section */
		7A57DD872E1499BE00E174DD /* PBXTargetDependency */ = {
			isa = PBXTargetDependency;
			target = 7A57DD752E1499BD00E174DD /* ChatJournal */;
			targetProxy = 7A57DD862E1499BE00E174DD /* PBXContainerItemProxy */;
		};
		7A57DD912E1499BE00E174DD /* PBXTargetDependency */ = {
			isa = PBXTargetDependency;
			target = 7A57DD752E1499BD00E174DD /* ChatJournal */;
			targetProxy = 7A57DD902E1499BE00E174DD /* PBXContainerItemProxy */;
		};
/* End PBXTargetDependency section */

/* Begin XCBuildConfiguration section */
		7A57DD972E1499BE00E174DD /* Debug */ = {
			isa = XCBuildConfiguration;
			buildSettings = {
				ALWAYS_SEARCH_USER_PATHS = NO;
				ASSETCATALOG_COMPILER_GENERATE_SWIFT_ASSET_SYMBOL_EXTENSIONS = YES;
				CLANG_ANALYZER_NONNULL = YES;
				CLANG_ANALYZER_NUMBER_OBJECT_CONVERSION = YES_AGGRESSIVE;
				CLANG_CXX_LANGUAGE_STANDARD = "gnu++20";
				CLANG_ENABLE_MODULES = YES;
				CLANG_ENABLE_OBJC_ARC = YES;
				CLANG_ENABLE_OBJC_WEAK = YES;
				CLANG_WARN_BLOCK_CAPTURE_AUTORELEASING = YES;
				CLANG_WARN_BOOL_CONVERSION = YES;
				CLANG_WARN_COMMA = YES;
				CLANG_WARN_CONSTANT_CONVERSION = YES;
				CLANG_WARN_DEPRECATED_OBJC_IMPLEMENTATIONS = YES;
				CLANG_WARN_DIRECT_OBJC_ISA_USAGE = YES_ERROR;
				CLANG_WARN_DOCUMENTATION_COMMENTS = YES;
				CLANG_WARN_EMPTY_BODY = YES;
				CLANG_WARN_ENUM_CONVERSION = YES;
				CLANG_WARN_INFINITE_RECURSION = YES;
				CLANG_WARN_INT_CONVERSION = YES;
				CLANG_WARN_NON_LITERAL_NULL_CONVERSION = YES;
				CLANG_WARN_OBJC_IMPLICIT_RETAIN_SELF = YES;
				CLANG_WARN_OBJC_LITERAL_CONVERSION = YES;
				CLANG_WARN_OBJC_ROOT_CLASS = YES_ERROR;
				CLANG_WARN_QUOTED_INCLUDE_IN_FRAMEWORK_HEADER = YES;
				CLANG_WARN_RANGE_LOOP_ANALYSIS = YES;
				CLANG_WARN_STRICT_PROTOTYPES = YES;
				CLANG_WARN_SUSPICIOUS_MOVE = YES;
				CLANG_WARN_UNGUARDED_AVAILABILITY = YES_AGGRESSIVE;
				CLANG_WARN_UNREACHABLE_CODE = YES;
				CLANG_WARN__DUPLICATE_METHOD_MATCH = YES;
				COPY_PHASE_STRIP = NO;
				DEBUG_INFORMATION_FORMAT = dwarf;
				DEVELOPMENT_TEAM = 22G3N3YC98;
				ENABLE_STRICT_OBJC_MSGSEND = YES;
				ENABLE_TESTABILITY = YES;
				ENABLE_USER_SCRIPT_SANDBOXING = YES;
				GCC_C_LANGUAGE_STANDARD = gnu17;
				GCC_DYNAMIC_NO_PIC = NO;
				GCC_NO_COMMON_BLOCKS = YES;
				GCC_OPTIMIZATION_LEVEL = 0;
				GCC_PREPROCESSOR_DEFINITIONS = (
					"DEBUG=1",
					"$(inherited)",
				);
				GCC_WARN_64_TO_32_BIT_CONVERSION = YES;
				GCC_WARN_ABOUT_RETURN_TYPE = YES_ERROR;
				GCC_WARN_UNDECLARED_SELECTOR = YES;
				GCC_WARN_UNINITIALIZED_AUTOS = YES_AGGRESSIVE;
				GCC_WARN_UNUSED_FUNCTION = YES;
				GCC_WARN_UNUSED_VARIABLE = YES;
				IPHONEOS_DEPLOYMENT_TARGET = 18.4;
				LOCALIZATION_PREFERS_STRING_CATALOGS = YES;
				MTL_ENABLE_DEBUG_INFO = INCLUDE_SOURCE;
				MTL_FAST_MATH = YES;
				ONLY_ACTIVE_ARCH = YES;
				SDKROOT = iphoneos;
				SWIFT_ACTIVE_COMPILATION_CONDITIONS = "DEBUG $(inherited)";
				SWIFT_OPTIMIZATION_LEVEL = "-Onone";
			};
			name = Debug;
		};
		7A57DD982E1499BE00E174DD /* Release */ = {
			isa = XCBuildConfiguration;
			buildSettings = {
				ALWAYS_SEARCH_USER_PATHS = NO;
				ASSETCATALOG_COMPILER_GENERATE_SWIFT_ASSET_SYMBOL_EXTENSIONS = YES;
				CLANG_ANALYZER_NONNULL = YES;
				CLANG_ANALYZER_NUMBER_OBJECT_CONVERSION = YES_AGGRESSIVE;
				CLANG_CXX_LANGUAGE_STANDARD = "gnu++20";
				CLANG_ENABLE_MODULES = YES;
				CLANG_ENABLE_OBJC_ARC = YES;
				CLANG_ENABLE_OBJC_WEAK = YES;
				CLANG_WARN_BLOCK_CAPTURE_AUTORELEASING = YES;
				CLANG_WARN_BOOL_CONVERSION = YES;
				CLANG_WARN_COMMA = YES;
				CLANG_WARN_CONSTANT_CONVERSION = YES;
				CLANG_WARN_DEPRECATED_OBJC_IMPLEMENTATIONS = YES;
				CLANG_WARN_DIRECT_OBJC_ISA_USAGE = YES_ERROR;
				CLANG_WARN_DOCUMENTATION_COMMENTS = YES;
				CLANG_WARN_EMPTY_BODY = YES;
				CLANG_WARN_ENUM_CONVERSION = YES;
				CLANG_WARN_INFINITE_RECURSION = YES;
				CLANG_WARN_INT_CONVERSION = YES;
				CLANG_WARN_NON_LITERAL_NULL_CONVERSION = YES;
				CLANG_WARN_OBJC_IMPLICIT_RETAIN_SELF = YES;
				CLANG_WARN_OBJC_LITERAL_CONVERSION = YES;
				CLANG_WARN_OBJC_ROOT_CLASS = YES_ERROR;
				CLANG_WARN_QUOTED_INCLUDE_IN_FRAMEWORK_HEADER = YES;
				CLANG_WARN_RANGE_LOOP_ANALYSIS = YES;
				CLANG_WARN_STRICT_PROTOTYPES = YES;
				CLANG_WARN_SUSPICIOUS_MOVE = YES;
				CLANG_WARN_UNGUARDED_AVAILABILITY = YES_AGGRESSIVE;
				CLANG_WARN_UNREACHABLE_CODE = YES;
				CLANG_WARN__DUPLICATE_METHOD_MATCH = YES;
				COPY_PHASE_STRIP = NO;
				DEBUG_INFORMATION_FORMAT = "dwarf-with-dsym";
				DEVELOPMENT_TEAM = 22G3N3YC98;
				ENABLE_NS_ASSERTIONS = NO;
				ENABLE_STRICT_OBJC_MSGSEND = YES;
				ENABLE_USER_SCRIPT_SANDBOXING = YES;
				GCC_C_LANGUAGE_STANDARD = gnu17;
				GCC_NO_COMMON_BLOCKS = YES;
				GCC_WARN_64_TO_32_BIT_CONVERSION = YES;
				GCC_WARN_ABOUT_RETURN_TYPE = YES_ERROR;
				GCC_WARN_UNDECLARED_SELECTOR = YES;
				GCC_WARN_UNINITIALIZED_AUTOS = YES_AGGRESSIVE;
				GCC_WARN_UNUSED_FUNCTION = YES;
				GCC_WARN_UNUSED_VARIABLE = YES;
				IPHONEOS_DEPLOYMENT_TARGET = 18.4;
				LOCALIZATION_PREFERS_STRING_CATALOGS = YES;
				MTL_ENABLE_DEBUG_INFO = NO;
				MTL_FAST_MATH = YES;
				SDKROOT = iphoneos;
				SWIFT_COMPILATION_MODE = wholemodule;
				VALIDATE_PRODUCT = YES;
			};
			name = Release;
		};
		7A57DD9A2E1499BE00E174DD /* Debug */ = {
			isa = XCBuildConfiguration;
			buildSettings = {
				ASSETCATALOG_COMPILER_APPICON_NAME = AppIcon;
				ASSETCATALOG_COMPILER_GLOBAL_ACCENT_COLOR_NAME = AccentColor;
				CODE_SIGN_STYLE = Automatic;
				CURRENT_PROJECT_VERSION = 1;
				DEVELOPMENT_TEAM = 22G3N3YC98;
				ENABLE_PREVIEWS = YES;
				GENERATE_INFOPLIST_FILE = YES;
				INFOPLIST_KEY_UIApplicationSceneManifest_Generation = YES;
				INFOPLIST_KEY_UIApplicationSupportsIndirectInputEvents = YES;
				INFOPLIST_KEY_UILaunchScreen_Generation = YES;
				INFOPLIST_KEY_UISupportedInterfaceOrientations_iPad = "UIInterfaceOrientationPortrait UIInterfaceOrientationPortraitUpsideDown UIInterfaceOrientationLandscapeLeft UIInterfaceOrientationLandscapeRight";
				INFOPLIST_KEY_UISupportedInterfaceOrientations_iPhone = "UIInterfaceOrientationPortrait UIInterfaceOrientationLandscapeLeft UIInterfaceOrientationLandscapeRight";
				LD_RUNPATH_SEARCH_PATHS = (
					"$(inherited)",
					"@executable_path/Frameworks",
				);
				MARKETING_VERSION = 1.0;
				PRODUCT_BUNDLE_IDENTIFIER = com.zayndamji.ChatJournal;
				PRODUCT_NAME = "$(TARGET_NAME)";
				SWIFT_EMIT_LOC_STRINGS = YES;
				SWIFT_VERSION = 5.0;
				TARGETED_DEVICE_FAMILY = "1,2";
			};
			name = Debug;
		};
		7A57DD9B2E1499BE00E174DD /* Release */ = {
			isa = XCBuildConfiguration;
			buildSettings = {
				ASSETCATALOG_COMPILER_APPICON_NAME = AppIcon;
				ASSETCATALOG_COMPILER_GLOBAL_ACCENT_COLOR_NAME = AccentColor;
				CODE_SIGN_STYLE = Automatic;
				CURRENT_PROJECT_VERSION = 1;
				DEVELOPMENT_TEAM = 22G3N3YC98;
				ENABLE_PREVIEWS = YES;
				GENERATE_INFOPLIST_FILE = YES;
				INFOPLIST_KEY_UIApplicationSceneManifest_Generation = YES;
				INFOPLIST_KEY_UIApplicationSupportsIndirectInputEvents = YES;
				INFOPLIST_KEY_UILaunchScreen_Generation = YES;
				INFOPLIST_KEY_UISupportedInterfaceOrientations_iPad = "UIInterfaceOrientationPortrait UIInterfaceOrientationPortraitUpsideDown UIInterfaceOrientationLandscapeLeft UIInterfaceOrientationLandscapeRight";
				INFOPLIST_KEY_UISupportedInterfaceOrientations_iPhone = "UIInterfaceOrientationPortrait UIInterfaceOrientationLandscapeLeft UIInterfaceOrientationLandscapeRight";
				LD_RUNPATH_SEARCH_PATHS = (
					"$(inherited)",
					"@executable_path/Frameworks",
				);
				MARKETING_VERSION = 1.0;
				PRODUCT_BUNDLE_IDENTIFIER = com.zayndamji.ChatJournal;
				PRODUCT_NAME = "$(TARGET_NAME)";
				SWIFT_EMIT_LOC_STRINGS = YES;
				SWIFT_VERSION = 5.0;
				TARGETED_DEVICE_FAMILY = "1,2";
			};
			name = Release;
		};
		7A57DD9D2E1499BE00E174DD /* Debug */ = {
			isa = XCBuildConfiguration;
			buildSettings = {
				BUNDLE_LOADER = "$(TEST_HOST)";
				CODE_SIGN_STYLE = Automatic;
				CURRENT_PROJECT_VERSION = 1;
				DEVELOPMENT_TEAM = 22G3N3YC98;
				GENERATE_INFOPLIST_FILE = YES;
				IPHONEOS_DEPLOYMENT_TARGET = 18.4;
				MARKETING_VERSION = 1.0;
				PRODUCT_BUNDLE_IDENTIFIER = com.zayndamji.ChatJournalTests;
				PRODUCT_NAME = "$(TARGET_NAME)";
				SWIFT_EMIT_LOC_STRINGS = NO;
				SWIFT_VERSION = 5.0;
				TARGETED_DEVICE_FAMILY = "1,2";
				TEST_HOST = "$(BUILT_PRODUCTS_DIR)/ChatJournal.app/$(BUNDLE_EXECUTABLE_FOLDER_PATH)/ChatJournal";
			};
			name = Debug;
		};
		7A57DD9E2E1499BE00E174DD /* Release */ = {
			isa = XCBuildConfiguration;
			buildSettings = {
				BUNDLE_LOADER = "$(TEST_HOST)";
				CODE_SIGN_STYLE = Automatic;
				CURRENT_PROJECT_VERSION = 1;
				DEVELOPMENT_TEAM = 22G3N3YC98;
				GENERATE_INFOPLIST_FILE = YES;
				IPHONEOS_DEPLOYMENT_TARGET = 18.4;
				MARKETING_VERSION = 1.0;
				PRODUCT_BUNDLE_IDENTIFIER = com.zayndamji.ChatJournalTests;
				PRODUCT_NAME = "$(TARGET_NAME)";
				SWIFT_EMIT_LOC_STRINGS = NO;
				SWIFT_VERSION = 5.0;
				TARGETED_DEVICE_FAMILY = "1,2";
				TEST_HOST = "$(BUILT_PRODUCTS_DIR)/ChatJournal.app/$(BUNDLE_EXECUTABLE_FOLDER_PATH)/ChatJournal";
			};
			name = Release;
		};
		7A57DDA02E1499BE00E174DD /* Debug */ = {
			isa = XCBuildConfiguration;
			buildSettings = {
				CODE_SIGN_STYLE = Automatic;
				CURRENT_PROJECT_VERSION = 1;
				DEVELOPMENT_TEAM = 22G3N3YC98;
				GENERATE_INFOPLIST_FILE = YES;
				MARKETING_VERSION = 1.0;
				PRODUCT_BUNDLE_IDENTIFIER = com.zayndamji.ChatJournalUITests;
				PRODUCT_NAME = "$(TARGET_NAME)";
				SWIFT_EMIT_LOC_STRINGS = NO;
				SWIFT_VERSION = 5.0;
				TARGETED_DEVICE_FAMILY = "1,2";
				TEST_TARGET_NAME = ChatJournal;
			};
			name = Debug;
		};
		7A57DDA12E1499BE00E174DD /* Release */ = {
			isa = XCBuildConfiguration;
			buildSettings = {
				CODE_SIGN_STYLE = Automatic;
				CURRENT_PROJECT_VERSION = 1;
				DEVELOPMENT_TEAM = 22G3N3YC98;
				GENERATE_INFOPLIST_FILE = YES;
				MARKETING_VERSION = 1.0;
				PRODUCT_BUNDLE_IDENTIFIER = com.zayndamji.ChatJournalUITests;
				PRODUCT_NAME = "$(TARGET_NAME)";
				SWIFT_EMIT_LOC_STRINGS = NO;
				SWIFT_VERSION = 5.0;
				TARGETED_DEVICE_FAMILY = "1,2";
				TEST_TARGET_NAME = ChatJournal;
			};
			name = Release;
		};
/* End XCBuildConfiguration section */

/* Begin XCConfigurationList section */
		7A57DD712E1499BD00E174DD /* Build configuration list for PBXProject "ChatJournal" */ = {
			isa = XCConfigurationList;
			buildConfigurations = (
				7A57DD972E1499BE00E174DD /* Debug */,
				7A57DD982E1499BE00E174DD /* Release */,
			);
			defaultConfigurationIsVisible = 0;
			defaultConfigurationName = Release;
		};
		7A57DD992E1499BE00E174DD /* Build configuration list for PBXNativeTarget "ChatJournal" */ = {
			isa = XCConfigurationList;
			buildConfigurations = (
				7A57DD9A2E1499BE00E174DD /* Debug */,
				7A57DD9B2E1499BE00E174DD /* Release */,
			);
			defaultConfigurationIsVisible = 0;
			defaultConfigurationName = Release;
		};
		7A57DD9C2E1499BE00E174DD /* Build configuration list for PBXNativeTarget "ChatJournalTests" */ = {
			isa = XCConfigurationList;
			buildConfigurations = (
				7A57DD9D2E1499BE00E174DD /* Debug */,
				7A57DD9E2E1499BE00E174DD /* Release */,
			);
			defaultConfigurationIsVisible = 0;
			defaultConfigurationName = Release;
		};
		7A57DD9F2E1499BE00E174DD /* Build configuration list for PBXNativeTarget "ChatJournalUITests" */ = {
			isa = XCConfigurationList;
			buildConfigurations = (
				7A57DDA02E1499BE00E174DD /* Debug */,
				7A57DDA12E1499BE00E174DD /* Release */,
			);
			defaultConfigurationIsVisible = 0;
			defaultConfigurationName = Release;
		};
/* End XCConfigurationList section */
	};
	rootObject = 7A57DD6E2E1499BD00E174DD /* Project object */;
}
